
Microsoft Visual Studio Solution File, Format Version 12.00
# Visual Studio Version 17
VisualStudioVersion = 17.0.31903.59
MinimumVisualStudioVersion = 10.0.40219.1
Project("{FAE04EC0-301F-11D3-BF4B-00C04F79EFBC}") = "Register", "Register\Register.csproj", "{5DBF7EE2-4139-4E62-A4E1-D466E2DF516F}"
EndProject
Project("{FAE04EC0-301F-11D3-BF4B-00C04F79EFBC}") = "Register.Contracts", "Register.Contracts\Register.Contracts.csproj", "{F5073AC6-EB4B-47FC-BC67-507B46C2ECC8}"
EndProject
Global
	GlobalSection(SolutionConfigurationPlatforms) = preSolution
		Debug|Any CPU = Debug|Any CPU
		Release|Any CPU = Release|Any CPU
	EndGlobalSection
	GlobalSection(SolutionProperties) = preSolution
		HideSolutionNode = FALSE
	EndGlobalSection
	GlobalSection(ProjectConfigurationPlatforms) = postSolution
		{5DBF7EE2-4139-4E62-A4E1-D466E2DF516F}.Debug|Any CPU.ActiveCfg = Debug|Any CPU
		{5DBF7EE2-4139-4E62-A4E1-D466E2DF516F}.Debug|Any CPU.Build.0 = Debug|Any CPU
		{5DBF7EE2-4139-4E62-A4E1-D466E2DF516F}.Release|Any CPU.ActiveCfg = Release|Any CPU
		{5DBF7EE2-4139-4E62-A4E1-D466E2DF516F}.Release|Any CPU.Build.0 = Release|Any CPU
		{F5073AC6-EB4B-47FC-BC67-507B46C2ECC8}.Debug|Any CPU.ActiveCfg = Debug|Any CPU
		{F5073AC6-EB4B-47FC-BC67-507B46C2ECC8}.Debug|Any CPU.Build.0 = Debug|Any CPU
		{F5073AC6-EB4B-47FC-BC67-507B46C2ECC8}.Release|Any CPU.ActiveCfg = Release|Any CPU
		{F5073AC6-EB4B-47FC-BC67-507B46C2ECC8}.Release|Any CPU.Build.0 = Release|Any CPU
	EndGlobalSection
EndGlobal
